
Microsoft Visual Studio Solution File, Format Version 12.00
# Visual Studio 15
VisualStudioVersion = 15.0.27703.2018
MinimumVisualStudioVersion = 10.0.40219.1
Project("{2150E333-8FDC-42A3-9474-1A3956D46DE8}") = "Algorithms", "Algorithms", "{56CC8E05-C33A-4A62-8FD1-A7B2065450E0}"
EndProject
Project("{2150E333-8FDC-42A3-9474-1A3956D46DE8}") = "DataStructures", "DataStructures", "{6C809D0D-C5A9-45B0-9415-87E1D3C3706A}"
EndProject
Project("{2150E333-8FDC-42A3-9474-1A3956D46DE8}") = "Extensions", "Extensions", "{3F2B6D53-84F2-4F03-AC89-1A781ADD0322}"
EndProject
Project("{2150E333-8FDC-42A3-9474-1A3956D46DE8}") = "ComputationalGeometry", "ComputationalGeometry", "{ACC1CDB2-86E6-4180-9CF6-AF6D292F6F35}"
EndProject
Project("{2150E333-8FDC-42A3-9474-1A3956D46DE8}") = "Randomization", "Randomization", "{57D95DB8-6A36-4B4C-B91C-79269F00713C}"
EndProject
Project("{FAE04EC0-301F-11D3-BF4B-00C04F79EFBC}") = "Point2D", "Point2D\Point2D.csproj", "{57ADA701-7086-4B06-AA4C-C3A326AB5ADC}"
EndProject
Project("{FAE04EC0-301F-11D3-BF4B-00C04F79EFBC}") = "ConvexHull", "ConvexHull\ConvexHull.csproj", "{4C3BA41E-AAEC-4316-ADEE-3DDDC68E03F8}"
EndProject
Project("{2150E333-8FDC-42A3-9474-1A3956D46DE8}") = "UnitTests", "UnitTests", "{E15DDF0D-59AC-4933-B058-1D187CAEDEAC}"
EndProject
Project("{FAE04EC0-301F-11D3-BF4B-00C04F79EFBC}") = "IntervalST", "IntervalST\IntervalST.csproj", "{33506A15-F807-4ED2-8522-649158FE0F6D}"
EndProject
Project("{FAE04EC0-301F-11D3-BF4B-00C04F79EFBC}") = "Graph", "Graph\Graph.csproj", "{1DF52BFC-6C39-4EB7-B241-C1D65EC19ECE}"
EndProject
Project("{FAE04EC0-301F-11D3-BF4B-00C04F79EFBC}") = "Digraph", "Digraph\Digraph.csproj", "{E53C7711-9539-4F1D-AA62-B87278D20C0A}"
EndProject
Project("{2150E333-8FDC-42A3-9474-1A3956D46DE8}") = "Graphs", "Graphs", "{C74839AB-70B7-4E67-9DC8-EE95113DA203}"
EndProject
Project("{FAE04EC0-301F-11D3-BF4B-00C04F79EFBC}") = "Bipartite", "Bipartite\Bipartite.csproj", "{B146A867-D566-446E-9797-653B781B4368}"
EndProject
Project("{FAE04EC0-301F-11D3-BF4B-00C04F79EFBC}") = "ConnectedComponents", "ConnectedComponents\ConnectedComponents.csproj", "{B1F8D7AB-D982-4294-A9EB-4A939C3B9E2F}"
EndProject
Project("{FAE04EC0-301F-11D3-BF4B-00C04F79EFBC}") = "DepthFirstPaths", "DepthFirstPaths\DepthFirstPaths.csproj", "{D04E2DBE-0450-4B31-B244-B6C9B96A49C6}"
EndProject
Project("{FAE04EC0-301F-11D3-BF4B-00C04F79EFBC}") = "Isomorphic", "Isomorphic\Isomorphic.csproj", "{97EE2482-8A8B-4837-96C3-6EA9AED96074}"
EndProject
Project("{FAE04EC0-301F-11D3-BF4B-00C04F79EFBC}") = "DirectedBFS", "DirectedBFS\DirectedBFS.csproj", "{A9E3468C-0058-4A4A-A3C3-E256E3E7C26D}"
EndProject
Project("{FAE04EC0-301F-11D3-BF4B-00C04F79EFBC}") = "DirectedDFS", "DirectedDFS\DirectedDFS.csproj", "{D8A301F9-C8C2-4AF0-8217-0C0DFC550430}"
EndProject
Project("{FAE04EC0-301F-11D3-BF4B-00C04F79EFBC}") = "SCC_KosarajuSharir", "SCC_KosarajuSharir\SCC_KosarajuSharir.csproj", "{A5BD199E-A801-4FAC-A717-B7FD266D0BFC}"
EndProject
Project("{FAE04EC0-301F-11D3-BF4B-00C04F79EFBC}") = "TopologicalSort", "TopologicalSort\TopologicalSort.csproj", "{5939C0CC-15FE-4F70-B7C7-12142D0DAEE0}"
EndProject
Project("{FAE04EC0-301F-11D3-BF4B-00C04F79EFBC}") = "Bag", "Bag\Bag.csproj", "{80F08AF5-5F17-4F81-9C61-74A7EAF627AC}"
EndProject
Project("{FAE04EC0-301F-11D3-BF4B-00C04F79EFBC}") = "ProrityQueue", "ProrityQueue\ProrityQueue.csproj", "{CC30AAD0-530B-480D-AE8F-C4E41C94EE00}"
EndProject
Project("{FAE04EC0-301F-11D3-BF4B-00C04F79EFBC}") = "SymbolTable", "SymbolTable\SymbolTable.csproj", "{5C0F2300-0E29-4738-9475-B6717E07AF89}"
EndProject
Project("{FAE04EC0-301F-11D3-BF4B-00C04F79EFBC}") = "Trie", "Trie\Trie.csproj", "{BB382684-31F6-4590-A7AE-E07B4B7AFDFC}"
EndProject
Project("{FAE04EC0-301F-11D3-BF4B-00C04F79EFBC}") = "QuickUnion", "QuickUnion\QuickUnion.csproj", "{6FC944E7-82AD-4F3B-8FC0-4FC264D4583D}"
EndProject
Project("{FAE04EC0-301F-11D3-BF4B-00C04F79EFBC}") = "WeightedRandom", "WeightedRandom\WeightedRandom.csproj", "{95F4E007-EA7F-42DF-89F1-214870DC7879}"
EndProject
Project("{FAE04EC0-301F-11D3-BF4B-00C04F79EFBC}") = "Shuffler", "Shuffler\Shuffler.csproj", "{70242874-6CF2-4477-AA54-ACBF9154F523}"
EndProject
Project("{2150E333-8FDC-42A3-9474-1A3956D46DE8}") = "SearchTree", "SearchTree", "{9AE8BB1D-CA22-4CDC-A87D-F242E66E9E17}"
EndProject
Project("{FAE04EC0-301F-11D3-BF4B-00C04F79EFBC}") = "BinarySearchTree", "BinarySearchTree\BinarySearchTree.csproj", "{D542EF17-5182-4F60-8D37-0767F5154ECB}"
EndProject
Project("{FAE04EC0-301F-11D3-BF4B-00C04F79EFBC}") = "OST", "OST\OST.csproj", "{B9FBCFCB-E721-47FC-B32A-A54F4AE02B0E}"
EndProject
Project("{FAE04EC0-301F-11D3-BF4B-00C04F79EFBC}") = "RedBlackTree", "RedBlackTree\RedBlackTree.csproj", "{F196996F-D895-427E-8FA7-B2DAC946BD33}"
EndProject
Project("{FAE04EC0-301F-11D3-BF4B-00C04F79EFBC}") = "Sorts", "Sorts\Sorts.csproj", "{97D8C4AC-B63B-4CB1-A9FF-D152C5D76D2B}"
EndProject
Project("{FAE04EC0-301F-11D3-BF4B-00C04F79EFBC}") = "UtilityUnitTest", "UtilityUnitTest\UtilityUnitTest.csproj", "{9992E2C5-30BF-459D-8592-2D37F517EA4E}"
EndProject
Project("{FAE04EC0-301F-11D3-BF4B-00C04F79EFBC}") = "BreadthFirstPaths", "BreadthFirstPaths\BreadthFirstPaths.csproj", "{055F9E2B-9CB6-4109-8F62-41D0633AF8DB}"
EndProject
Project("{FAE04EC0-301F-11D3-BF4B-00C04F79EFBC}") = "ListExtension", "ListExtension\ListExtension.csproj", "{9E945B35-AE19-4576-A7A9-23F36BFF32D5}"
EndProject
Project("{FAE04EC0-301F-11D3-BF4B-00C04F79EFBC}") = "Range", "Range\Range.csproj", "{313A1FD0-4CF4-4930-AF9D-CD7858255C22}"
EndProject
Global
	GlobalSection(SolutionConfigurationPlatforms) = preSolution
		Debug|Any CPU = Debug|Any CPU
		Release|Any CPU = Release|Any CPU
	EndGlobalSection
	GlobalSection(ProjectConfigurationPlatforms) = postSolution
		{57ADA701-7086-4B06-AA4C-C3A326AB5ADC}.Debug|Any CPU.ActiveCfg = Debug|Any CPU
		{57ADA701-7086-4B06-AA4C-C3A326AB5ADC}.Debug|Any CPU.Build.0 = Debug|Any CPU
		{57ADA701-7086-4B06-AA4C-C3A326AB5ADC}.Release|Any CPU.ActiveCfg = Release|Any CPU
		{57ADA701-7086-4B06-AA4C-C3A326AB5ADC}.Release|Any CPU.Build.0 = Release|Any CPU
		{4C3BA41E-AAEC-4316-ADEE-3DDDC68E03F8}.Debug|Any CPU.ActiveCfg = Debug|Any CPU
		{4C3BA41E-AAEC-4316-ADEE-3DDDC68E03F8}.Debug|Any CPU.Build.0 = Debug|Any CPU
		{4C3BA41E-AAEC-4316-ADEE-3DDDC68E03F8}.Release|Any CPU.ActiveCfg = Release|Any CPU
		{4C3BA41E-AAEC-4316-ADEE-3DDDC68E03F8}.Release|Any CPU.Build.0 = Release|Any CPU
		{33506A15-F807-4ED2-8522-649158FE0F6D}.Debug|Any CPU.ActiveCfg = Debug|Any CPU
		{33506A15-F807-4ED2-8522-649158FE0F6D}.Debug|Any CPU.Build.0 = Debug|Any CPU
		{33506A15-F807-4ED2-8522-649158FE0F6D}.Release|Any CPU.ActiveCfg = Release|Any CPU
		{33506A15-F807-4ED2-8522-649158FE0F6D}.Release|Any CPU.Build.0 = Release|Any CPU
		{1DF52BFC-6C39-4EB7-B241-C1D65EC19ECE}.Debug|Any CPU.ActiveCfg = Debug|Any CPU
		{1DF52BFC-6C39-4EB7-B241-C1D65EC19ECE}.Debug|Any CPU.Build.0 = Debug|Any CPU
		{1DF52BFC-6C39-4EB7-B241-C1D65EC19ECE}.Release|Any CPU.ActiveCfg = Release|Any CPU
		{1DF52BFC-6C39-4EB7-B241-C1D65EC19ECE}.Release|Any CPU.Build.0 = Release|Any CPU
		{E53C7711-9539-4F1D-AA62-B87278D20C0A}.Debug|Any CPU.ActiveCfg = Debug|Any CPU
		{E53C7711-9539-4F1D-AA62-B87278D20C0A}.Debug|Any CPU.Build.0 = Debug|Any CPU
		{E53C7711-9539-4F1D-AA62-B87278D20C0A}.Release|Any CPU.ActiveCfg = Release|Any CPU
		{E53C7711-9539-4F1D-AA62-B87278D20C0A}.Release|Any CPU.Build.0 = Release|Any CPU
		{B146A867-D566-446E-9797-653B781B4368}.Debug|Any CPU.ActiveCfg = Debug|Any CPU
		{B146A867-D566-446E-9797-653B781B4368}.Debug|Any CPU.Build.0 = Debug|Any CPU
		{B146A867-D566-446E-9797-653B781B4368}.Release|Any CPU.ActiveCfg = Release|Any CPU
		{B146A867-D566-446E-9797-653B781B4368}.Release|Any CPU.Build.0 = Release|Any CPU
		{B1F8D7AB-D982-4294-A9EB-4A939C3B9E2F}.Debug|Any CPU.ActiveCfg = Debug|Any CPU
		{B1F8D7AB-D982-4294-A9EB-4A939C3B9E2F}.Debug|Any CPU.Build.0 = Debug|Any CPU
		{B1F8D7AB-D982-4294-A9EB-4A939C3B9E2F}.Release|Any CPU.ActiveCfg = Release|Any CPU
		{B1F8D7AB-D982-4294-A9EB-4A939C3B9E2F}.Release|Any CPU.Build.0 = Release|Any CPU
		{D04E2DBE-0450-4B31-B244-B6C9B96A49C6}.Debug|Any CPU.ActiveCfg = Debug|Any CPU
		{D04E2DBE-0450-4B31-B244-B6C9B96A49C6}.Debug|Any CPU.Build.0 = Debug|Any CPU
		{D04E2DBE-0450-4B31-B244-B6C9B96A49C6}.Release|Any CPU.ActiveCfg = Release|Any CPU
		{D04E2DBE-0450-4B31-B244-B6C9B96A49C6}.Release|Any CPU.Build.0 = Release|Any CPU
		{97EE2482-8A8B-4837-96C3-6EA9AED96074}.Debug|Any CPU.ActiveCfg = Debug|Any CPU
		{97EE2482-8A8B-4837-96C3-6EA9AED96074}.Debug|Any CPU.Build.0 = Debug|Any CPU
		{97EE2482-8A8B-4837-96C3-6EA9AED96074}.Release|Any CPU.ActiveCfg = Release|Any CPU
		{97EE2482-8A8B-4837-96C3-6EA9AED96074}.Release|Any CPU.Build.0 = Release|Any CPU
		{A9E3468C-0058-4A4A-A3C3-E256E3E7C26D}.Debug|Any CPU.ActiveCfg = Debug|Any CPU
		{A9E3468C-0058-4A4A-A3C3-E256E3E7C26D}.Debug|Any CPU.Build.0 = Debug|Any CPU
		{A9E3468C-0058-4A4A-A3C3-E256E3E7C26D}.Release|Any CPU.ActiveCfg = Release|Any CPU
		{A9E3468C-0058-4A4A-A3C3-E256E3E7C26D}.Release|Any CPU.Build.0 = Release|Any CPU
		{D8A301F9-C8C2-4AF0-8217-0C0DFC550430}.Debug|Any CPU.ActiveCfg = Debug|Any CPU
		{D8A301F9-C8C2-4AF0-8217-0C0DFC550430}.Debug|Any CPU.Build.0 = Debug|Any CPU
		{D8A301F9-C8C2-4AF0-8217-0C0DFC550430}.Release|Any CPU.ActiveCfg = Release|Any CPU
		{D8A301F9-C8C2-4AF0-8217-0C0DFC550430}.Release|Any CPU.Build.0 = Release|Any CPU
		{A5BD199E-A801-4FAC-A717-B7FD266D0BFC}.Debug|Any CPU.ActiveCfg = Debug|Any CPU
		{A5BD199E-A801-4FAC-A717-B7FD266D0BFC}.Debug|Any CPU.Build.0 = Debug|Any CPU
		{A5BD199E-A801-4FAC-A717-B7FD266D0BFC}.Release|Any CPU.ActiveCfg = Release|Any CPU
		{A5BD199E-A801-4FAC-A717-B7FD266D0BFC}.Release|Any CPU.Build.0 = Release|Any CPU
		{5939C0CC-15FE-4F70-B7C7-12142D0DAEE0}.Debug|Any CPU.ActiveCfg = Debug|Any CPU
		{5939C0CC-15FE-4F70-B7C7-12142D0DAEE0}.Debug|Any CPU.Build.0 = Debug|Any CPU
		{5939C0CC-15FE-4F70-B7C7-12142D0DAEE0}.Release|Any CPU.ActiveCfg = Release|Any CPU
		{5939C0CC-15FE-4F70-B7C7-12142D0DAEE0}.Release|Any CPU.Build.0 = Release|Any CPU
		{80F08AF5-5F17-4F81-9C61-74A7EAF627AC}.Debug|Any CPU.ActiveCfg = Debug|Any CPU
		{80F08AF5-5F17-4F81-9C61-74A7EAF627AC}.Debug|Any CPU.Build.0 = Debug|Any CPU
		{80F08AF5-5F17-4F81-9C61-74A7EAF627AC}.Release|Any CPU.ActiveCfg = Release|Any CPU
		{80F08AF5-5F17-4F81-9C61-74A7EAF627AC}.Release|Any CPU.Build.0 = Release|Any CPU
		{CC30AAD0-530B-480D-AE8F-C4E41C94EE00}.Debug|Any CPU.ActiveCfg = Debug|Any CPU
		{CC30AAD0-530B-480D-AE8F-C4E41C94EE00}.Debug|Any CPU.Build.0 = Debug|Any CPU
		{CC30AAD0-530B-480D-AE8F-C4E41C94EE00}.Release|Any CPU.ActiveCfg = Release|Any CPU
		{CC30AAD0-530B-480D-AE8F-C4E41C94EE00}.Release|Any CPU.Build.0 = Release|Any CPU
		{5C0F2300-0E29-4738-9475-B6717E07AF89}.Debug|Any CPU.ActiveCfg = Debug|Any CPU
		{5C0F2300-0E29-4738-9475-B6717E07AF89}.Debug|Any CPU.Build.0 = Debug|Any CPU
		{5C0F2300-0E29-4738-9475-B6717E07AF89}.Release|Any CPU.ActiveCfg = Release|Any CPU
		{5C0F2300-0E29-4738-9475-B6717E07AF89}.Release|Any CPU.Build.0 = Release|Any CPU
		{BB382684-31F6-4590-A7AE-E07B4B7AFDFC}.Debug|Any CPU.ActiveCfg = Debug|Any CPU
		{BB382684-31F6-4590-A7AE-E07B4B7AFDFC}.Debug|Any CPU.Build.0 = Debug|Any CPU
		{BB382684-31F6-4590-A7AE-E07B4B7AFDFC}.Release|Any CPU.ActiveCfg = Release|Any CPU
		{BB382684-31F6-4590-A7AE-E07B4B7AFDFC}.Release|Any CPU.Build.0 = Release|Any CPU
		{6FC944E7-82AD-4F3B-8FC0-4FC264D4583D}.Debug|Any CPU.ActiveCfg = Debug|Any CPU
		{6FC944E7-82AD-4F3B-8FC0-4FC264D4583D}.Debug|Any CPU.Build.0 = Debug|Any CPU
		{6FC944E7-82AD-4F3B-8FC0-4FC264D4583D}.Release|Any CPU.ActiveCfg = Release|Any CPU
		{6FC944E7-82AD-4F3B-8FC0-4FC264D4583D}.Release|Any CPU.Build.0 = Release|Any CPU
		{95F4E007-EA7F-42DF-89F1-214870DC7879}.Debug|Any CPU.ActiveCfg = Debug|Any CPU
		{95F4E007-EA7F-42DF-89F1-214870DC7879}.Debug|Any CPU.Build.0 = Debug|Any CPU
		{95F4E007-EA7F-42DF-89F1-214870DC7879}.Release|Any CPU.ActiveCfg = Release|Any CPU
		{95F4E007-EA7F-42DF-89F1-214870DC7879}.Release|Any CPU.Build.0 = Release|Any CPU
		{70242874-6CF2-4477-AA54-ACBF9154F523}.Debug|Any CPU.ActiveCfg = Debug|Any CPU
		{70242874-6CF2-4477-AA54-ACBF9154F523}.Debug|Any CPU.Build.0 = Debug|Any CPU
		{70242874-6CF2-4477-AA54-ACBF9154F523}.Release|Any CPU.ActiveCfg = Release|Any CPU
		{70242874-6CF2-4477-AA54-ACBF9154F523}.Release|Any CPU.Build.0 = Release|Any CPU
		{D542EF17-5182-4F60-8D37-0767F5154ECB}.Debug|Any CPU.ActiveCfg = Debug|Any CPU
		{D542EF17-5182-4F60-8D37-0767F5154ECB}.Debug|Any CPU.Build.0 = Debug|Any CPU
		{D542EF17-5182-4F60-8D37-0767F5154ECB}.Release|Any CPU.ActiveCfg = Release|Any CPU
		{D542EF17-5182-4F60-8D37-0767F5154ECB}.Release|Any CPU.Build.0 = Release|Any CPU
		{B9FBCFCB-E721-47FC-B32A-A54F4AE02B0E}.Debug|Any CPU.ActiveCfg = Debug|Any CPU
		{B9FBCFCB-E721-47FC-B32A-A54F4AE02B0E}.Debug|Any CPU.Build.0 = Debug|Any CPU
		{B9FBCFCB-E721-47FC-B32A-A54F4AE02B0E}.Release|Any CPU.ActiveCfg = Release|Any CPU
		{B9FBCFCB-E721-47FC-B32A-A54F4AE02B0E}.Release|Any CPU.Build.0 = Release|Any CPU
		{F196996F-D895-427E-8FA7-B2DAC946BD33}.Debug|Any CPU.ActiveCfg = Debug|Any CPU
		{F196996F-D895-427E-8FA7-B2DAC946BD33}.Debug|Any CPU.Build.0 = Debug|Any CPU
		{F196996F-D895-427E-8FA7-B2DAC946BD33}.Release|Any CPU.ActiveCfg = Release|Any CPU
		{F196996F-D895-427E-8FA7-B2DAC946BD33}.Release|Any CPU.Build.0 = Release|Any CPU
		{97D8C4AC-B63B-4CB1-A9FF-D152C5D76D2B}.Debug|Any CPU.ActiveCfg = Debug|Any CPU
		{97D8C4AC-B63B-4CB1-A9FF-D152C5D76D2B}.Debug|Any CPU.Build.0 = Debug|Any CPU
		{97D8C4AC-B63B-4CB1-A9FF-D152C5D76D2B}.Release|Any CPU.ActiveCfg = Release|Any CPU
		{97D8C4AC-B63B-4CB1-A9FF-D152C5D76D2B}.Release|Any CPU.Build.0 = Release|Any CPU
		{9992E2C5-30BF-459D-8592-2D37F517EA4E}.Debug|Any CPU.ActiveCfg = Debug|Any CPU
		{9992E2C5-30BF-459D-8592-2D37F517EA4E}.Debug|Any CPU.Build.0 = Debug|Any CPU
		{9992E2C5-30BF-459D-8592-2D37F517EA4E}.Release|Any CPU.ActiveCfg = Release|Any CPU
		{9992E2C5-30BF-459D-8592-2D37F517EA4E}.Release|Any CPU.Build.0 = Release|Any CPU
		{055F9E2B-9CB6-4109-8F62-41D0633AF8DB}.Debug|Any CPU.ActiveCfg = Debug|Any CPU
		{055F9E2B-9CB6-4109-8F62-41D0633AF8DB}.Debug|Any CPU.Build.0 = Debug|Any CPU
		{055F9E2B-9CB6-4109-8F62-41D0633AF8DB}.Release|Any CPU.ActiveCfg = Release|Any CPU
		{055F9E2B-9CB6-4109-8F62-41D0633AF8DB}.Release|Any CPU.Build.0 = Release|Any CPU
		{9E945B35-AE19-4576-A7A9-23F36BFF32D5}.Debug|Any CPU.ActiveCfg = Debug|Any CPU
		{9E945B35-AE19-4576-A7A9-23F36BFF32D5}.Debug|Any CPU.Build.0 = Debug|Any CPU
		{9E945B35-AE19-4576-A7A9-23F36BFF32D5}.Release|Any CPU.ActiveCfg = Release|Any CPU
		{9E945B35-AE19-4576-A7A9-23F36BFF32D5}.Release|Any CPU.Build.0 = Release|Any CPU
		{313A1FD0-4CF4-4930-AF9D-CD7858255C22}.Debug|Any CPU.ActiveCfg = Debug|Any CPU
		{313A1FD0-4CF4-4930-AF9D-CD7858255C22}.Debug|Any CPU.Build.0 = Debug|Any CPU
		{313A1FD0-4CF4-4930-AF9D-CD7858255C22}.Release|Any CPU.ActiveCfg = Release|Any CPU
		{313A1FD0-4CF4-4930-AF9D-CD7858255C22}.Release|Any CPU.Build.0 = Release|Any CPU
	EndGlobalSection
	GlobalSection(SolutionProperties) = preSolution
		HideSolutionNode = FALSE
	EndGlobalSection
	GlobalSection(NestedProjects) = preSolution
		{ACC1CDB2-86E6-4180-9CF6-AF6D292F6F35} = {56CC8E05-C33A-4A62-8FD1-A7B2065450E0}
		{57D95DB8-6A36-4B4C-B91C-79269F00713C} = {56CC8E05-C33A-4A62-8FD1-A7B2065450E0}
		{57ADA701-7086-4B06-AA4C-C3A326AB5ADC} = {6C809D0D-C5A9-45B0-9415-87E1D3C3706A}
		{4C3BA41E-AAEC-4316-ADEE-3DDDC68E03F8} = {ACC1CDB2-86E6-4180-9CF6-AF6D292F6F35}
		{33506A15-F807-4ED2-8522-649158FE0F6D} = {ACC1CDB2-86E6-4180-9CF6-AF6D292F6F35}
		{1DF52BFC-6C39-4EB7-B241-C1D65EC19ECE} = {6C809D0D-C5A9-45B0-9415-87E1D3C3706A}
		{E53C7711-9539-4F1D-AA62-B87278D20C0A} = {6C809D0D-C5A9-45B0-9415-87E1D3C3706A}
		{C74839AB-70B7-4E67-9DC8-EE95113DA203} = {56CC8E05-C33A-4A62-8FD1-A7B2065450E0}
		{B146A867-D566-446E-9797-653B781B4368} = {C74839AB-70B7-4E67-9DC8-EE95113DA203}
		{B1F8D7AB-D982-4294-A9EB-4A939C3B9E2F} = {C74839AB-70B7-4E67-9DC8-EE95113DA203}
		{D04E2DBE-0450-4B31-B244-B6C9B96A49C6} = {C74839AB-70B7-4E67-9DC8-EE95113DA203}
		{97EE2482-8A8B-4837-96C3-6EA9AED96074} = {C74839AB-70B7-4E67-9DC8-EE95113DA203}
		{A9E3468C-0058-4A4A-A3C3-E256E3E7C26D} = {C74839AB-70B7-4E67-9DC8-EE95113DA203}
		{D8A301F9-C8C2-4AF0-8217-0C0DFC550430} = {C74839AB-70B7-4E67-9DC8-EE95113DA203}
		{A5BD199E-A801-4FAC-A717-B7FD266D0BFC} = {C74839AB-70B7-4E67-9DC8-EE95113DA203}
		{5939C0CC-15FE-4F70-B7C7-12142D0DAEE0} = {C74839AB-70B7-4E67-9DC8-EE95113DA203}
		{80F08AF5-5F17-4F81-9C61-74A7EAF627AC} = {6C809D0D-C5A9-45B0-9415-87E1D3C3706A}
		{CC30AAD0-530B-480D-AE8F-C4E41C94EE00} = {6C809D0D-C5A9-45B0-9415-87E1D3C3706A}
		{5C0F2300-0E29-4738-9475-B6717E07AF89} = {6C809D0D-C5A9-45B0-9415-87E1D3C3706A}
		{BB382684-31F6-4590-A7AE-E07B4B7AFDFC} = {9AE8BB1D-CA22-4CDC-A87D-F242E66E9E17}
		{6FC944E7-82AD-4F3B-8FC0-4FC264D4583D} = {6C809D0D-C5A9-45B0-9415-87E1D3C3706A}
		{95F4E007-EA7F-42DF-89F1-214870DC7879} = {57D95DB8-6A36-4B4C-B91C-79269F00713C}
		{70242874-6CF2-4477-AA54-ACBF9154F523} = {57D95DB8-6A36-4B4C-B91C-79269F00713C}
		{9AE8BB1D-CA22-4CDC-A87D-F242E66E9E17} = {6C809D0D-C5A9-45B0-9415-87E1D3C3706A}
		{D542EF17-5182-4F60-8D37-0767F5154ECB} = {9AE8BB1D-CA22-4CDC-A87D-F242E66E9E17}
		{B9FBCFCB-E721-47FC-B32A-A54F4AE02B0E} = {9AE8BB1D-CA22-4CDC-A87D-F242E66E9E17}
		{F196996F-D895-427E-8FA7-B2DAC946BD33} = {9AE8BB1D-CA22-4CDC-A87D-F242E66E9E17}
		{97D8C4AC-B63B-4CB1-A9FF-D152C5D76D2B} = {56CC8E05-C33A-4A62-8FD1-A7B2065450E0}
		{9992E2C5-30BF-459D-8592-2D37F517EA4E} = {E15DDF0D-59AC-4933-B058-1D187CAEDEAC}
		{055F9E2B-9CB6-4109-8F62-41D0633AF8DB} = {C74839AB-70B7-4E67-9DC8-EE95113DA203}
		{9E945B35-AE19-4576-A7A9-23F36BFF32D5} = {3F2B6D53-84F2-4F03-AC89-1A781ADD0322}
		{313A1FD0-4CF4-4930-AF9D-CD7858255C22} = {6C809D0D-C5A9-45B0-9415-87E1D3C3706A}
	EndGlobalSection
	GlobalSection(ExtensibilityGlobals) = postSolution
		SolutionGuid = {AB51C6C1-5192-4BD7-9BC2-895F904C2689}
	EndGlobalSection
EndGlobal
